
Microsoft Visual Studio Solution File, Format Version 12.00
# Visual Studio Version 17
VisualStudioVersion = 17.5.002.0
MinimumVisualStudioVersion = 10.0.40219.1
Project("{2150E333-8FDC-42A3-9474-1A3956D46DE8}") = "__tests__", "__tests__", "{4EBCF652-9B47-4590-A4F4-9AFC5FB9AB16}"
EndProject
Project("{9A19103F-16F7-4668-BE54-9A1E7A4F7556}") = "test", "__tests__\e2e-test-csproj\test.csproj", "{BF96E0E1-5384-4445-92C8-B9B999FD812E}"
EndProject
Global
	GlobalSection(SolutionConfigurationPlatforms) = preSolution
		Debug|Any CPU = Debug|Any CPU
		Release|Any CPU = Release|Any CPU
	EndGlobalSection
	GlobalSection(ProjectConfigurationPlatforms) = postSolution
		{BF96E0E1-5384-4445-92C8-B9B999FD812E}.Debug|Any CPU.ActiveCfg = Debug|Any CPU
		{BF96E0E1-5384-4445-92C8-B9B999FD812E}.Debug|Any CPU.Build.0 = Debug|Any CPU
		{BF96E0E1-5384-4445-92C8-B9B999FD812E}.Release|Any CPU.ActiveCfg = Release|Any CPU
		{BF96E0E1-5384-4445-92C8-B9B999FD812E}.Release|Any CPU.Build.0 = Release|Any CPU
	EndGlobalSection
	GlobalSection(SolutionProperties) = preSolution
		HideSolutionNode = FALSE
	EndGlobalSection
	GlobalSection(NestedProjects) = preSolution
		{BF96E0E1-5384-4445-92C8-B9B999FD812E} = {4EBCF652-9B47-4590-A4F4-9AFC5FB9AB16}
	EndGlobalSection
	GlobalSection(ExtensibilityGlobals) = postSolution
		SolutionGuid = {7249446B-27CA-4F79-B35C-1575C52AFB5D}
	EndGlobalSection
EndGlobal
